// !$*UTF8*$!
{
	archiveVersion = 1;
	classes = {
	};
	objectVersion = 56;
	objects = {

/* Begin PBXBuildFile section */
		D70619BB2989E250003FBA10 /* inputView.swift in Sources */ = {isa = PBXBuildFile; fileRef = D70619BA2989E250003FBA10 /* inputView.swift */; };
		D728AD522995A9C500295B40 /* Authentication.swift in Sources */ = {isa = PBXBuildFile; fileRef = D728AD512995A9C500295B40 /* Authentication.swift */; };
		D77CDE422997FC6B00D3ED25 /* faci.png in Resources */ = {isa = PBXBuildFile; fileRef = D77CDE412997FC6B00D3ED25 /* faci.png */; };
		D7877B192985A734007DBB24 /* iSpendifyApp.swift in Sources */ = {isa = PBXBuildFile; fileRef = D7877B182985A734007DBB24 /* iSpendifyApp.swift */; };
		D7877B1B2985A734007DBB24 /* ContentView.swift in Sources */ = {isa = PBXBuildFile; fileRef = D7877B1A2985A734007DBB24 /* ContentView.swift */; };
		D7877B1D2985A735007DBB24 /* Assets.xcassets in Resources */ = {isa = PBXBuildFile; fileRef = D7877B1C2985A735007DBB24 /* Assets.xcassets */; };
		D7877B202985A735007DBB24 /* Preview Assets.xcassets in Resources */ = {isa = PBXBuildFile; fileRef = D7877B1F2985A735007DBB24 /* Preview Assets.xcassets */; };
		D7877B302986D3E3007DBB24 /* HomeView.swift in Sources */ = {isa = PBXBuildFile; fileRef = D7877B2F2986D3E3007DBB24 /* HomeView.swift */; };
		D7877B322986D401007DBB24 /* RecentTransactionsView.swift in Sources */ = {isa = PBXBuildFile; fileRef = D7877B312986D401007DBB24 /* RecentTransactionsView.swift */; };
		D7877B342986D41A007DBB24 /* SettingsView.swift in Sources */ = {isa = PBXBuildFile; fileRef = D7877B332986D41A007DBB24 /* SettingsView.swift */; };
		D7877B362986DB51007DBB24 /* extC.swift in Sources */ = {isa = PBXBuildFile; fileRef = D7877B352986DB51007DBB24 /* extC.swift */; };
		D7877B382986E549007DBB24 /* NumbersOnlyViewModifier.swift in Sources */ = {isa = PBXBuildFile; fileRef = D7877B372986E549007DBB24 /* NumbersOnlyViewModifier.swift */; };
		D7C34D19299E85FC002F8DA6 /* ExpenModel.xcdatamodeld in Sources */ = {isa = PBXBuildFile; fileRef = D7C34D17299E85FC002F8DA6 /* ExpenModel.xcdatamodeld */; };
		D7C34D1B299E87A7002F8DA6 /* CoreDataManager.swift in Sources */ = {isa = PBXBuildFile; fileRef = D7C34D1A299E87A7002F8DA6 /* CoreDataManager.swift */; };
		D7FD8BC429C4B4CD00390557 /* SwiftUICharts in Frameworks */ = {isa = PBXBuildFile; productRef = D7FD8BC329C4B4CD00390557 /* SwiftUICharts */; };
		D7FD8BD629C520F100390557 /* settings-view.jpeg in Resources */ = {isa = PBXBuildFile; fileRef = D7FD8BD529C520F100390557 /* settings-view.jpeg */; };
		D7FD8BD829C5216B00390557 /* input-transaction.jpeg in Resources */ = {isa = PBXBuildFile; fileRef = D7FD8BD729C5216B00390557 /* input-transaction.jpeg */; };
		D7FD8BDB29C5217A00390557 /* home-view.jpeg in Resources */ = {isa = PBXBuildFile; fileRef = D7FD8BD929C5217A00390557 /* home-view.jpeg */; };
		D7FD8BDC29C5217A00390557 /* alltransa.jpeg in Resources */ = {isa = PBXBuildFile; fileRef = D7FD8BDA29C5217A00390557 /* alltransa.jpeg */; };
/* End PBXBuildFile section */

/* Begin PBXFileReference section */
		D70619BA2989E250003FBA10 /* inputView.swift */ = {isa = PBXFileReference; lastKnownFileType = sourcecode.swift; path = inputView.swift; sourceTree = "<group>"; };
		D728AD512995A9C500295B40 /* Authentication.swift */ = {isa = PBXFileReference; lastKnownFileType = sourcecode.swift; path = Authentication.swift; sourceTree = "<group>"; };
		D77CDE412997FC6B00D3ED25 /* faci.png */ = {isa = PBXFileReference; lastKnownFileType = image.png; path = faci.png; sourceTree = "<group>"; };
		D7877B152985A734007DBB24 /* iSpendify.app */ = {isa = PBXFileReference; explicitFileType = wrapper.application; includeInIndex = 0; path = iSpendify.app; sourceTree = BUILT_PRODUCTS_DIR; };
		D7877B182985A734007DBB24 /* iSpendifyApp.swift */ = {isa = PBXFileReference; lastKnownFileType = sourcecode.swift; path = iSpendifyApp.swift; sourceTree = "<group>"; };
		D7877B1A2985A734007DBB24 /* ContentView.swift */ = {isa = PBXFileReference; lastKnownFileType = sourcecode.swift; path = ContentView.swift; sourceTree = "<group>"; };
		D7877B1C2985A735007DBB24 /* Assets.xcassets */ = {isa = PBXFileReference; lastKnownFileType = folder.assetcatalog; path = Assets.xcassets; sourceTree = "<group>"; };
		D7877B1F2985A735007DBB24 /* Preview Assets.xcassets */ = {isa = PBXFileReference; lastKnownFileType = folder.assetcatalog; path = "Preview Assets.xcassets"; sourceTree = "<group>"; };
		D7877B2F2986D3E3007DBB24 /* HomeView.swift */ = {isa = PBXFileReference; lastKnownFileType = sourcecode.swift; path = HomeView.swift; sourceTree = "<group>"; };
		D7877B312986D401007DBB24 /* RecentTransactionsView.swift */ = {isa = PBXFileReference; lastKnownFileType = sourcecode.swift; path = RecentTransactionsView.swift; sourceTree = "<group>"; };
		D7877B332986D41A007DBB24 /* SettingsView.swift */ = {isa = PBXFileReference; lastKnownFileType = sourcecode.swift; path = SettingsView.swift; sourceTree = "<group>"; };
		D7877B352986DB51007DBB24 /* extC.swift */ = {isa = PBXFileReference; fileEncoding = 4; lastKnownFileType = sourcecode.swift; path = extC.swift; sourceTree = "<group>"; };
		D7877B372986E549007DBB24 /* NumbersOnlyViewModifier.swift */ = {isa = PBXFileReference; lastKnownFileType = sourcecode.swift; path = NumbersOnlyViewModifier.swift; sourceTree = "<group>"; };
		D7C34D18299E85FC002F8DA6 /* ExpenModel.xcdatamodel */ = {isa = PBXFileReference; lastKnownFileType = wrapper.xcdatamodel; path = ExpenModel.xcdatamodel; sourceTree = "<group>"; };
		D7C34D1A299E87A7002F8DA6 /* CoreDataManager.swift */ = {isa = PBXFileReference; lastKnownFileType = sourcecode.swift; path = CoreDataManager.swift; sourceTree = "<group>"; };
		D7FD8BD529C520F100390557 /* settings-view.jpeg */ = {isa = PBXFileReference; lastKnownFileType = image.jpeg; path = "settings-view.jpeg"; sourceTree = "<group>"; };
		D7FD8BD729C5216B00390557 /* input-transaction.jpeg */ = {isa = PBXFileReference; lastKnownFileType = image.jpeg; path = "input-transaction.jpeg"; sourceTree = "<group>"; };
		D7FD8BD929C5217A00390557 /* home-view.jpeg */ = {isa = PBXFileReference; lastKnownFileType = image.jpeg; path = "home-view.jpeg"; sourceTree = "<group>"; };
		D7FD8BDA29C5217A00390557 /* alltransa.jpeg */ = {isa = PBXFileReference; lastKnownFileType = image.jpeg; path = alltransa.jpeg; sourceTree = "<group>"; };
/* End PBXFileReference section */

/* Begin PBXFrameworksBuildPhase section */
		D7877B122985A734007DBB24 /* Frameworks */ = {
			isa = PBXFrameworksBuildPhase;
			buildActionMask = 2147483647;
			files = (
				D7FD8BC429C4B4CD00390557 /* SwiftUICharts in Frameworks */,
			);
			runOnlyForDeploymentPostprocessing = 0;
		};
/* End PBXFrameworksBuildPhase section */

/* Begin PBXGroup section */
		D7877B0C2985A734007DBB24 = {
			isa = PBXGroup;
			children = (
				D7877B172985A734007DBB24 /* iSpendify */,
				D7877B162985A734007DBB24 /* Products */,
			);
			sourceTree = "<group>";
		};
		D7877B162985A734007DBB24 /* Products */ = {
			isa = PBXGroup;
			children = (
				D7877B152985A734007DBB24 /* iSpendify.app */,
			);
			name = Products;
			sourceTree = "<group>";
		};
		D7877B172985A734007DBB24 /* iSpendify */ = {
			isa = PBXGroup;
			children = (
				D7877B392986E55A007DBB24 /* Extension */,
				D7877B262985A741007DBB24 /* Views */,
				D7877B182985A734007DBB24 /* iSpendifyApp.swift */,
				D7877B1C2985A735007DBB24 /* Assets.xcassets */,
				D7877B1E2985A735007DBB24 /* Preview Content */,
				D7C34D17299E85FC002F8DA6 /* ExpenModel.xcdatamodeld */,
				D7C34D1A299E87A7002F8DA6 /* CoreDataManager.swift */,
			);
			path = iSpendify;
			sourceTree = "<group>";
		};
		D7877B1E2985A735007DBB24 /* Preview Content */ = {
			isa = PBXGroup;
			children = (
				D7877B1F2985A735007DBB24 /* Preview Assets.xcassets */,
			);
			path = "Preview Content";
			sourceTree = "<group>";
		};
		D7877B262985A741007DBB24 /* Views */ = {
			isa = PBXGroup;
			children = (
				D7877B1A2985A734007DBB24 /* ContentView.swift */,
				D70619BA2989E250003FBA10 /* inputView.swift */,
				D7877B332986D41A007DBB24 /* SettingsView.swift */,
				D7877B2F2986D3E3007DBB24 /* HomeView.swift */,
				D7877B312986D401007DBB24 /* RecentTransactionsView.swift */,
			);
			path = Views;
			sourceTree = "<group>";
		};
		D7877B392986E55A007DBB24 /* Extension */ = {
			isa = PBXGroup;
			children = (
				D77CDE412997FC6B00D3ED25 /* faci.png */,
				D7FD8BD729C5216B00390557 /* input-transaction.jpeg */,
				D7FD8BDA29C5217A00390557 /* alltransa.jpeg */,
				D7FD8BD929C5217A00390557 /* home-view.jpeg */,
				D7FD8BD529C520F100390557 /* settings-view.jpeg */,
				D7877B352986DB51007DBB24 /* extC.swift */,
				D7877B372986E549007DBB24 /* NumbersOnlyViewModifier.swift */,
				D728AD512995A9C500295B40 /* Authentication.swift */,
			);
			path = Extension;
			sourceTree = "<group>";
		};
/* End PBXGroup section */

/* Begin PBXNativeTarget section */
		D7877B142985A734007DBB24 /* iSpendify */ = {
			isa = PBXNativeTarget;
			buildConfigurationList = D7877B232985A735007DBB24 /* Build configuration list for PBXNativeTarget "iSpendify" */;
			buildPhases = (
				D7877B112985A734007DBB24 /* Sources */,
				D7877B122985A734007DBB24 /* Frameworks */,
				D7877B132985A734007DBB24 /* Resources */,
			);
			buildRules = (
			);
			dependencies = (
			);
			name = iSpendify;
			packageProductDependencies = (
				D7FD8BC329C4B4CD00390557 /* SwiftUICharts */,
			);
			productName = iSpendify;
			productReference = D7877B152985A734007DBB24 /* iSpendify.app */;
			productType = "com.apple.product-type.application";
		};
/* End PBXNativeTarget section */

/* Begin PBXProject section */
		D7877B0D2985A734007DBB24 /* Project object */ = {
			isa = PBXProject;
			attributes = {
				BuildIndependentTargetsInParallel = 1;
				LastSwiftUpdateCheck = 1420;
				LastUpgradeCheck = 1420;
				TargetAttributes = {
					D7877B142985A734007DBB24 = {
						CreatedOnToolsVersion = 14.2;
					};
				};
			};
			buildConfigurationList = D7877B102985A734007DBB24 /* Build configuration list for PBXProject "iSpendify" */;
			compatibilityVersion = "Xcode 14.0";
			developmentRegion = en;
			hasScannedForEncodings = 0;
			knownRegions = (
				en,
				Base,
			);
			mainGroup = D7877B0C2985A734007DBB24;
			packageReferences = (
				D7FD8BC229C4B4CD00390557 /* XCRemoteSwiftPackageReference "ChartView" */,
			);
			productRefGroup = D7877B162985A734007DBB24 /* Products */;
			projectDirPath = "";
			projectRoot = "";
			targets = (
				D7877B142985A734007DBB24 /* iSpendify */,
			);
		};
/* End PBXProject section */

/* Begin PBXResourcesBuildPhase section */
		D7877B132985A734007DBB24 /* Resources */ = {
			isa = PBXResourcesBuildPhase;
			buildActionMask = 2147483647;
			files = (
				D7FD8BD629C520F100390557 /* settings-view.jpeg in Resources */,
				D7877B202985A735007DBB24 /* Preview Assets.xcassets in Resources */,
				D7FD8BDC29C5217A00390557 /* alltransa.jpeg in Resources */,
				D77CDE422997FC6B00D3ED25 /* faci.png in Resources */,
				D7FD8BDB29C5217A00390557 /* home-view.jpeg in Resources */,
				D7877B1D2985A735007DBB24 /* Assets.xcassets in Resources */,
				D7FD8BD829C5216B00390557 /* input-transaction.jpeg in Resources */,
			);
			runOnlyForDeploymentPostprocessing = 0;
		};
/* End PBXResourcesBuildPhase section */

/* Begin PBXSourcesBuildPhase section */
		D7877B112985A734007DBB24 /* Sources */ = {
			isa = PBXSourcesBuildPhase;
			buildActionMask = 2147483647;
			files = (
				D7C34D19299E85FC002F8DA6 /* ExpenModel.xcdatamodeld in Sources */,
				D7877B382986E549007DBB24 /* NumbersOnlyViewModifier.swift in Sources */,
				D7877B1B2985A734007DBB24 /* ContentView.swift in Sources */,
				D7877B302986D3E3007DBB24 /* HomeView.swift in Sources */,
				D7877B362986DB51007DBB24 /* extC.swift in Sources */,
				D70619BB2989E250003FBA10 /* inputView.swift in Sources */,
				D7877B342986D41A007DBB24 /* SettingsView.swift in Sources */,
				D7877B322986D401007DBB24 /* RecentTransactionsView.swift in Sources */,
				D7877B192985A734007DBB24 /* iSpendifyApp.swift in Sources */,
				D7C34D1B299E87A7002F8DA6 /* CoreDataManager.swift in Sources */,
				D728AD522995A9C500295B40 /* Authentication.swift in Sources */,
			);
			runOnlyForDeploymentPostprocessing = 0;
		};
/* End PBXSourcesBuildPhase section */

/* Begin XCBuildConfiguration section */
		D7877B212985A735007DBB24 /* Debug */ = {
			isa = XCBuildConfiguration;
			buildSettings = {
				ALWAYS_SEARCH_USER_PATHS = NO;
				CLANG_ANALYZER_NONNULL = YES;
				CLANG_ANALYZER_NUMBER_OBJECT_CONVERSION = YES_AGGRESSIVE;
				CLANG_CXX_LANGUAGE_STANDARD = "gnu++20";
				CLANG_ENABLE_MODULES = YES;
				CLANG_ENABLE_OBJC_ARC = YES;
				CLANG_ENABLE_OBJC_WEAK = YES;
				CLANG_WARN_BLOCK_CAPTURE_AUTORELEASING = YES;
				CLANG_WARN_BOOL_CONVERSION = YES;
				CLANG_WARN_COMMA = YES;
				CLANG_WARN_CONSTANT_CONVERSION = YES;
				CLANG_WARN_DEPRECATED_OBJC_IMPLEMENTATIONS = YES;
				CLANG_WARN_DIRECT_OBJC_ISA_USAGE = YES_ERROR;
				CLANG_WARN_DOCUMENTATION_COMMENTS = YES;
				CLANG_WARN_EMPTY_BODY = YES;
				CLANG_WARN_ENUM_CONVERSION = YES;
				CLANG_WARN_INFINITE_RECURSION = YES;
				CLANG_WARN_INT_CONVERSION = YES;
				CLANG_WARN_NON_LITERAL_NULL_CONVERSION = YES;
				CLANG_WARN_OBJC_IMPLICIT_RETAIN_SELF = YES;
				CLANG_WARN_OBJC_LITERAL_CONVERSION = YES;
				CLANG_WARN_OBJC_ROOT_CLASS = YES_ERROR;
				CLANG_WARN_QUOTED_INCLUDE_IN_FRAMEWORK_HEADER = YES;
				CLANG_WARN_RANGE_LOOP_ANALYSIS = YES;
				CLANG_WARN_STRICT_PROTOTYPES = YES;
				CLANG_WARN_SUSPICIOUS_MOVE = YES;
				CLANG_WARN_UNGUARDED_AVAILABILITY = YES_AGGRESSIVE;
				CLANG_WARN_UNREACHABLE_CODE = YES;
				CLANG_WARN__DUPLICATE_METHOD_MATCH = YES;
				COPY_PHASE_STRIP = NO;
				DEBUG_INFORMATION_FORMAT = dwarf;
				ENABLE_STRICT_OBJC_MSGSEND = YES;
				ENABLE_TESTABILITY = YES;
				GCC_C_LANGUAGE_STANDARD = gnu11;
				GCC_DYNAMIC_NO_PIC = NO;
				GCC_NO_COMMON_BLOCKS = YES;
				GCC_OPTIMIZATION_LEVEL = 0;
				GCC_PREPROCESSOR_DEFINITIONS = (
					"DEBUG=1",
					"$(inherited)",
				);
				GCC_WARN_64_TO_32_BIT_CONVERSION = YES;
				GCC_WARN_ABOUT_RETURN_TYPE = YES_ERROR;
				GCC_WARN_UNDECLARED_SELECTOR = YES;
				GCC_WARN_UNINITIALIZED_AUTOS = YES_AGGRESSIVE;
				GCC_WARN_UNUSED_FUNCTION = YES;
				GCC_WARN_UNUSED_VARIABLE = YES;
				IPHONEOS_DEPLOYMENT_TARGET = 16.2;
				MTL_ENABLE_DEBUG_INFO = INCLUDE_SOURCE;
				MTL_FAST_MATH = YES;
				ONLY_ACTIVE_ARCH = YES;
				SDKROOT = iphoneos;
				SWIFT_ACTIVE_COMPILATION_CONDITIONS = DEBUG;
				SWIFT_OPTIMIZATION_LEVEL = "-Onone";
			};
			name = Debug;
		};
		D7877B222985A735007DBB24 /* Release */ = {
			isa = XCBuildConfiguration;
			buildSettings = {
				ALWAYS_SEARCH_USER_PATHS = NO;
				CLANG_ANALYZER_NONNULL = YES;
				CLANG_ANALYZER_NUMBER_OBJECT_CONVERSION = YES_AGGRESSIVE;
				CLANG_CXX_LANGUAGE_STANDARD = "gnu++20";
				CLANG_ENABLE_MODULES = YES;
				CLANG_ENABLE_OBJC_ARC = YES;
				CLANG_ENABLE_OBJC_WEAK = YES;
				CLANG_WARN_BLOCK_CAPTURE_AUTORELEASING = YES;
				CLANG_WARN_BOOL_CONVERSION = YES;
				CLANG_WARN_COMMA = YES;
				CLANG_WARN_CONSTANT_CONVERSION = YES;
				CLANG_WARN_DEPRECATED_OBJC_IMPLEMENTATIONS = YES;
				CLANG_WARN_DIRECT_OBJC_ISA_USAGE = YES_ERROR;
				CLANG_WARN_DOCUMENTATION_COMMENTS = YES;
				CLANG_WARN_EMPTY_BODY = YES;
				CLANG_WARN_ENUM_CONVERSION = YES;
				CLANG_WARN_INFINITE_RECURSION = YES;
				CLANG_WARN_INT_CONVERSION = YES;
				CLANG_WARN_NON_LITERAL_NULL_CONVERSION = YES;
				CLANG_WARN_OBJC_IMPLICIT_RETAIN_SELF = YES;
				CLANG_WARN_OBJC_LITERAL_CONVERSION = YES;
				CLANG_WARN_OBJC_ROOT_CLASS = YES_ERROR;
				CLANG_WARN_QUOTED_INCLUDE_IN_FRAMEWORK_HEADER = YES;
				CLANG_WARN_RANGE_LOOP_ANALYSIS = YES;
				CLANG_WARN_STRICT_PROTOTYPES = YES;
				CLANG_WARN_SUSPICIOUS_MOVE = YES;
				CLANG_WARN_UNGUARDED_AVAILABILITY = YES_AGGRESSIVE;
				CLANG_WARN_UNREACHABLE_CODE = YES;
				CLANG_WARN__DUPLICATE_METHOD_MATCH = YES;
				COPY_PHASE_STRIP = NO;
				DEBUG_INFORMATION_FORMAT = "dwarf-with-dsym";
				ENABLE_NS_ASSERTIONS = NO;
				ENABLE_STRICT_OBJC_MSGSEND = YES;
				GCC_C_LANGUAGE_STANDARD = gnu11;
				GCC_NO_COMMON_BLOCKS = YES;
				GCC_WARN_64_TO_32_BIT_CONVERSION = YES;
				GCC_WARN_ABOUT_RETURN_TYPE = YES_ERROR;
				GCC_WARN_UNDECLARED_SELECTOR = YES;
				GCC_WARN_UNINITIALIZED_AUTOS = YES_AGGRESSIVE;
				GCC_WARN_UNUSED_FUNCTION = YES;
				GCC_WARN_UNUSED_VARIABLE = YES;
				IPHONEOS_DEPLOYMENT_TARGET = 16.2;
				MTL_ENABLE_DEBUG_INFO = NO;
				MTL_FAST_MATH = YES;
				SDKROOT = iphoneos;
				SWIFT_COMPILATION_MODE = wholemodule;
				SWIFT_OPTIMIZATION_LEVEL = "-O";
				VALIDATE_PRODUCT = YES;
			};
			name = Release;
		};
		D7877B242985A735007DBB24 /* Debug */ = {
			isa = XCBuildConfiguration;
			buildSettings = {
				ASSETCATALOG_COMPILER_APPICON_NAME = AppIcon;
				ASSETCATALOG_COMPILER_GLOBAL_ACCENT_COLOR_NAME = AccentColor;
				CODE_SIGN_STYLE = Automatic;
				CURRENT_PROJECT_VERSION = 1;
				DEVELOPMENT_ASSET_PATHS = "\"iSpendify/Preview Content\"";
				DEVELOPMENT_TEAM = TYVJV99Z56;
				ENABLE_PREVIEWS = YES;
				GENERATE_INFOPLIST_FILE = YES;
				INFOPLIST_KEY_NSFaceIDUsageDescription = "We use this to unlock the phone";
				INFOPLIST_KEY_UIApplicationSceneManifest_Generation = YES;
				INFOPLIST_KEY_UIApplicationSupportsIndirectInputEvents = YES;
				INFOPLIST_KEY_UILaunchScreen_Generation = YES;
				INFOPLIST_KEY_UISupportedInterfaceOrientations = UIInterfaceOrientationPortrait;
				LD_RUNPATH_SEARCH_PATHS = (
					"$(inherited)",
					"@executable_path/Frameworks",
				);
				MARKETING_VERSION = 1.0;
				PRODUCT_BUNDLE_IDENTIFIER = com.Prajz.iSpendify;
				PRODUCT_NAME = "$(TARGET_NAME)";
				SWIFT_EMIT_LOC_STRINGS = YES;
				SWIFT_VERSION = 5.0;
				TARGETED_DEVICE_FAMILY = "1,2";
			};
			name = Debug;
		};
		D7877B252985A735007DBB24 /* Release */ = {
			isa = XCBuildConfiguration;
			buildSettings = {
				ASSETCATALOG_COMPILER_APPICON_NAME = AppIcon;
				ASSETCATALOG_COMPILER_GLOBAL_ACCENT_COLOR_NAME = AccentColor;
				CODE_SIGN_STYLE = Automatic;
				CURRENT_PROJECT_VERSION = 1;
				DEVELOPMENT_ASSET_PATHS = "\"iSpendify/Preview Content\"";
				DEVELOPMENT_TEAM = TYVJV99Z56;
				ENABLE_PREVIEWS = YES;
				GENERATE_INFOPLIST_FILE = YES;
				INFOPLIST_KEY_NSFaceIDUsageDescription = "We use this to unlock the phone";
				INFOPLIST_KEY_UIApplicationSceneManifest_Generation = YES;
				INFOPLIST_KEY_UIApplicationSupportsIndirectInputEvents = YES;
				INFOPLIST_KEY_UILaunchScreen_Generation = YES;
				INFOPLIST_KEY_UISupportedInterfaceOrientations = UIInterfaceOrientationPortrait;
				LD_RUNPATH_SEARCH_PATHS = (
					"$(inherited)",
					"@executable_path/Frameworks",
				);
				MARKETING_VERSION = 1.0;
				PRODUCT_BUNDLE_IDENTIFIER = com.Prajz.iSpendify;
				PRODUCT_NAME = "$(TARGET_NAME)";
				SWIFT_EMIT_LOC_STRINGS = YES;
				SWIFT_VERSION = 5.0;
				TARGETED_DEVICE_FAMILY = "1,2";
			};
			name = Release;
		};
/* End XCBuildConfiguration section */

/* Begin XCConfigurationList section */
		D7877B102985A734007DBB24 /* Build configuration list for PBXProject "iSpendify" */ = {
			isa = XCConfigurationList;
			buildConfigurations = (
				D7877B212985A735007DBB24 /* Debug */,
				D7877B222985A735007DBB24 /* Release */,
			);
			defaultConfigurationIsVisible = 0;
			defaultConfigurationName = Release;
		};
		D7877B232985A735007DBB24 /* Build configuration list for PBXNativeTarget "iSpendify" */ = {
			isa = XCConfigurationList;
			buildConfigurations = (
				D7877B242985A735007DBB24 /* Debug */,
				D7877B252985A735007DBB24 /* Release */,
			);
			defaultConfigurationIsVisible = 0;
			defaultConfigurationName = Release;
		};
/* End XCConfigurationList section */

/* Begin XCRemoteSwiftPackageReference section */
		D7FD8BC229C4B4CD00390557 /* XCRemoteSwiftPackageReference "ChartView" */ = {
			isa = XCRemoteSwiftPackageReference;
			repositoryURL = "https://github.com/AppPear/ChartView";
			requirement = {
				kind = exactVersion;
				version = "2.0.0-beta.2";
			};
		};
/* End XCRemoteSwiftPackageReference section */

/* Begin XCSwiftPackageProductDependency section */
		D7FD8BC329C4B4CD00390557 /* SwiftUICharts */ = {
			isa = XCSwiftPackageProductDependency;
			package = D7FD8BC229C4B4CD00390557 /* XCRemoteSwiftPackageReference "ChartView" */;
			productName = SwiftUICharts;
		};
/* End XCSwiftPackageProductDependency section */

/* Begin XCVersionGroup section */
		D7C34D17299E85FC002F8DA6 /* ExpenModel.xcdatamodeld */ = {
			isa = XCVersionGroup;
			children = (
				D7C34D18299E85FC002F8DA6 /* ExpenModel.xcdatamodel */,
			);
			currentVersion = D7C34D18299E85FC002F8DA6 /* ExpenModel.xcdatamodel */;
			path = ExpenModel.xcdatamodeld;
			sourceTree = "<group>";
			versionGroupType = wrapper.xcdatamodel;
		};
/* End XCVersionGroup section */
	};
	rootObject = D7877B0D2985A734007DBB24 /* Project object */;
}
